
Microsoft Visual Studio Solution File, Format Version 12.00
# Visual Studio Version 16
VisualStudioVersion = 16.0.30804.86
MinimumVisualStudioVersion = 10.0.40219.1
Project("{FAE04EC0-301F-11D3-BF4B-00C04F79EFBC}") = "PizzaD", "PizzaD\PizzaD.csproj", "{14BDBE6F-7C5B-4E87-ACFB-F0F81A187341}"
EndProject
Global
	GlobalSection(SolutionConfigurationPlatforms) = preSolution
		Debug|Any CPU = Debug|Any CPU
		Release|Any CPU = Release|Any CPU
	EndGlobalSection
	GlobalSection(ProjectConfigurationPlatforms) = postSolution
		{14BDBE6F-7C5B-4E87-ACFB-F0F81A187341}.Debug|Any CPU.ActiveCfg = Debug|Any CPU
		{14BDBE6F-7C5B-4E87-ACFB-F0F81A187341}.Debug|Any CPU.Build.0 = Debug|Any CPU
		{14BDBE6F-7C5B-4E87-ACFB-F0F81A187341}.Release|Any CPU.ActiveCfg = Release|Any CPU
		{14BDBE6F-7C5B-4E87-ACFB-F0F81A187341}.Release|Any CPU.Build.0 = Release|Any CPU
	EndGlobalSection
	GlobalSection(SolutionProperties) = preSolution
		HideSolutionNode = FALSE
	EndGlobalSection
	GlobalSection(ExtensibilityGlobals) = postSolution
		SolutionGuid = {2BDFE4DE-3367-4BE0-B9A8-A7325538B145}
	EndGlobalSection
EndGlobal
